
Microsoft Visual Studio Solution File, Format Version 12.00
# Visual Studio 2013
VisualStudioVersion = 12.0.31101.0
MinimumVisualStudioVersion = 10.0.40219.1
Project("{FAE04EC0-301F-11D3-BF4B-00C04F79EFBC}") = "ShopPrac.Objects", "Objects\ShopPrac.Objects.csproj", "{47419508-ECCE-4AF3-8289-2102F857BF53}"
EndProject
Project("{FAE04EC0-301F-11D3-BF4B-00C04F79EFBC}") = "ShopPrac.ODataBackend", "ODataBackend\ShopPrac.ODataBackend.csproj", "{11127752-2AF2-4C1D-B3BA-026C21F20ED1}"
EndProject
Global
	GlobalSection(SolutionConfigurationPlatforms) = preSolution
Debug|Any CPU = Debug|Any CPU
Release|Any CPU = Release|Any CPU
	EndGlobalSection
	GlobalSection(ProjectConfigurationPlatforms) = postSolution
		{47419508-ECCE-4AF3-8289-2102F857BF53}.Debug|Any CPU.ActiveCfg = Debug|Any CPU
		{47419508-ECCE-4AF3-8289-2102F857BF53}.Debug|Any CPU.Build.0 = Debug|Any CPU
		{47419508-ECCE-4AF3-8289-2102F857BF53}.Release|Any CPU.ActiveCfg = Release|Any CPU
		{47419508-ECCE-4AF3-8289-2102F857BF53}.Release|Any CPU.Build.0 = Release|Any CPU
		{11127752-2AF2-4C1D-B3BA-026C21F20ED1}.Debug|Any CPU.ActiveCfg = Debug|Any CPU
		{11127752-2AF2-4C1D-B3BA-026C21F20ED1}.Debug|Any CPU.Build.0 = Debug|Any CPU
		{11127752-2AF2-4C1D-B3BA-026C21F20ED1}.Release|Any CPU.ActiveCfg = Release|Any CPU
		{11127752-2AF2-4C1D-B3BA-026C21F20ED1}.Release|Any CPU.Build.0 = Release|Any CPU
	EndGlobalSection
	GlobalSection(SolutionProperties) = preSolution
		HideSolutionNode = FALSE
	EndGlobalSection
EndGlobal
